
Microsoft Visual Studio Solution File, Format Version 12.00
# Visual Studio Version 17
VisualStudioVersion = 17.5.33414.496
MinimumVisualStudioVersion = 10.0.40219.1
Project("{FAE04EC0-301F-11D3-BF4B-00C04F79EFBC}") = "Server", "Server.csproj", "{98AFB67A-C35C-46E6-B72F-2D0C8270863D}"
EndProject
Project("{FAE04EC0-301F-11D3-BF4B-00C04F79EFBC}") = "Common", "..\Common\Common.csproj", "{5F343D79-1FA5-4C9E-B323-3B540161A70A}"
EndProject
Project("{FAE04EC0-301F-11D3-BF4B-00C04F79EFBC}") = "Client", "..\Client\Client.csproj", "{0696F98C-89BD-4864-AC7B-2EE05852A5C7}"
EndProject
Global
	GlobalSection(SolutionConfigurationPlatforms) = preSolution
		Debug|Any CPU = Debug|Any CPU
		Release|Any CPU = Release|Any CPU
	EndGlobalSection
	GlobalSection(ProjectConfigurationPlatforms) = postSolution
		{98AFB67A-C35C-46E6-B72F-2D0C8270863D}.Debug|Any CPU.ActiveCfg = Debug|Any CPU
		{98AFB67A-C35C-46E6-B72F-2D0C8270863D}.Debug|Any CPU.Build.0 = Debug|Any CPU
		{98AFB67A-C35C-46E6-B72F-2D0C8270863D}.Release|Any CPU.ActiveCfg = Release|Any CPU
		{98AFB67A-C35C-46E6-B72F-2D0C8270863D}.Release|Any CPU.Build.0 = Release|Any CPU
		{5F343D79-1FA5-4C9E-B323-3B540161A70A}.Debug|Any CPU.ActiveCfg = Debug|Any CPU
		{5F343D79-1FA5-4C9E-B323-3B540161A70A}.Debug|Any CPU.Build.0 = Debug|Any CPU
		{5F343D79-1FA5-4C9E-B323-3B540161A70A}.Release|Any CPU.ActiveCfg = Release|Any CPU
		{5F343D79-1FA5-4C9E-B323-3B540161A70A}.Release|Any CPU.Build.0 = Release|Any CPU
		{0696F98C-89BD-4864-AC7B-2EE05852A5C7}.Debug|Any CPU.ActiveCfg = Debug|Any CPU
		{0696F98C-89BD-4864-AC7B-2EE05852A5C7}.Debug|Any CPU.Build.0 = Debug|Any CPU
		{0696F98C-89BD-4864-AC7B-2EE05852A5C7}.Release|Any CPU.ActiveCfg = Release|Any CPU
		{0696F98C-89BD-4864-AC7B-2EE05852A5C7}.Release|Any CPU.Build.0 = Release|Any CPU
	EndGlobalSection
	GlobalSection(SolutionProperties) = preSolution
		HideSolutionNode = FALSE
	EndGlobalSection
	GlobalSection(ExtensibilityGlobals) = postSolution
		SolutionGuid = {3E6E8229-1415-418E-B14D-4CA902276F3D}
	EndGlobalSection
EndGlobal
